// !$*UTF8*$!
{
	archiveVersion = 1;
	classes = {
	};
	objectVersion = 55;
	objects = {

/* Begin PBXBuildFile section */
		2EF241D527FDA8830081BDD1 /* EventsListViewModel.swift in Sources */ = {isa = PBXBuildFile; fileRef = 2EF241D427FDA8830081BDD1 /* EventsListViewModel.swift */; };
		2EF241DA27FDAB160081BDD1 /* RxCocoa in Frameworks */ = {isa = PBXBuildFile; productRef = 2EF241D927FDAB160081BDD1 /* RxCocoa */; };
		2EF241DC27FDAB160081BDD1 /* RxSwift in Frameworks */ = {isa = PBXBuildFile; productRef = 2EF241DB27FDAB160081BDD1 /* RxSwift */; };
		2EF241DE27FDB58D0081BDD1 /* EventsListViewModelTests.swift in Sources */ = {isa = PBXBuildFile; fileRef = 2EF241DD27FDB58D0081BDD1 /* EventsListViewModelTests.swift */; };
		2EF8CD6F27FCE95800960663 /* AppDelegate.swift in Sources */ = {isa = PBXBuildFile; fileRef = 2EF8CD6E27FCE95800960663 /* AppDelegate.swift */; };
		2EF8CD7327FCE95800960663 /* EventsListViewController.swift in Sources */ = {isa = PBXBuildFile; fileRef = 2EF8CD7227FCE95800960663 /* EventsListViewController.swift */; };
		2EF8CD7827FCE95B00960663 /* Assets.xcassets in Resources */ = {isa = PBXBuildFile; fileRef = 2EF8CD7727FCE95B00960663 /* Assets.xcassets */; };
		2EF8CD7B27FCE95B00960663 /* LaunchScreen.storyboard in Resources */ = {isa = PBXBuildFile; fileRef = 2EF8CD7927FCE95B00960663 /* LaunchScreen.storyboard */; };
		2EF8CD9027FCE95B00960663 /* EventosUITests.swift in Sources */ = {isa = PBXBuildFile; fileRef = 2EF8CD8F27FCE95B00960663 /* EventosUITests.swift */; };
		2EF8CD9227FCE95B00960663 /* EventosUITestsLaunchTests.swift in Sources */ = {isa = PBXBuildFile; fileRef = 2EF8CD9127FCE95B00960663 /* EventosUITestsLaunchTests.swift */; };
		2EF8CDA827FCF01700960663 /* Event.swift in Sources */ = {isa = PBXBuildFile; fileRef = 2EF8CDA727FCF01700960663 /* Event.swift */; };
		2EF8CDAA27FCF08500960663 /* User.swift in Sources */ = {isa = PBXBuildFile; fileRef = 2EF8CDA927FCF08500960663 /* User.swift */; };
		2EF8CDAE27FCF47100960663 /* RemoteService.swift in Sources */ = {isa = PBXBuildFile; fileRef = 2EF8CDAD27FCF47100960663 /* RemoteService.swift */; };
		2EF8CDB027FCF98D00960663 /* Route.swift in Sources */ = {isa = PBXBuildFile; fileRef = 2EF8CDAF27FCF98D00960663 /* Route.swift */; };
		2EF8CDB227FD013200960663 /* ChekIn.swift in Sources */ = {isa = PBXBuildFile; fileRef = 2EF8CDB127FD013200960663 /* ChekIn.swift */; };
		2EF8CDB427FD06A300960663 /* RouteTests.swift in Sources */ = {isa = PBXBuildFile; fileRef = 2EF8CDB327FD06A300960663 /* RouteTests.swift */; };
		2EF8CDB627FD0F8000960663 /* NetworkError.swift in Sources */ = {isa = PBXBuildFile; fileRef = 2EF8CDB527FD0F8000960663 /* NetworkError.swift */; };
		2EF8CDBD27FD169E00960663 /* EventsService.swift in Sources */ = {isa = PBXBuildFile; fileRef = 2EF8CDBC27FD169E00960663 /* EventsService.swift */; };
		2EF8CDBF27FD1DC000960663 /* EventsServiceTests.swift in Sources */ = {isa = PBXBuildFile; fileRef = 2EF8CDBE27FD1DC000960663 /* EventsServiceTests.swift */; };
/* End PBXBuildFile section */

/* Begin PBXContainerItemProxy section */
		2EF8CD8227FCE95B00960663 /* PBXContainerItemProxy */ = {
			isa = PBXContainerItemProxy;
			containerPortal = 2EF8CD6327FCE95800960663 /* Project object */;
			proxyType = 1;
			remoteGlobalIDString = 2EF8CD6A27FCE95800960663;
			remoteInfo = Eventos;
		};
		2EF8CD8C27FCE95B00960663 /* PBXContainerItemProxy */ = {
			isa = PBXContainerItemProxy;
			containerPortal = 2EF8CD6327FCE95800960663 /* Project object */;
			proxyType = 1;
			remoteGlobalIDString = 2EF8CD6A27FCE95800960663;
			remoteInfo = Eventos;
		};
/* End PBXContainerItemProxy section */

/* Begin PBXFileReference section */
		2EF241D427FDA8830081BDD1 /* EventsListViewModel.swift */ = {isa = PBXFileReference; lastKnownFileType = sourcecode.swift; path = EventsListViewModel.swift; sourceTree = "<group>"; };
		2EF241DD27FDB58D0081BDD1 /* EventsListViewModelTests.swift */ = {isa = PBXFileReference; lastKnownFileType = sourcecode.swift; name = EventsListViewModelTests.swift; path = Eventos/UI/Scenes/EventsListViewModelTests.swift; sourceTree = SOURCE_ROOT; };
		2EF8CD6B27FCE95800960663 /* Eventos.app */ = {isa = PBXFileReference; explicitFileType = wrapper.application; includeInIndex = 0; path = Eventos.app; sourceTree = BUILT_PRODUCTS_DIR; };
		2EF8CD6E27FCE95800960663 /* AppDelegate.swift */ = {isa = PBXFileReference; lastKnownFileType = sourcecode.swift; path = AppDelegate.swift; sourceTree = "<group>"; };
		2EF8CD7227FCE95800960663 /* EventsListViewController.swift */ = {isa = PBXFileReference; lastKnownFileType = sourcecode.swift; path = EventsListViewController.swift; sourceTree = "<group>"; };
		2EF8CD7727FCE95B00960663 /* Assets.xcassets */ = {isa = PBXFileReference; lastKnownFileType = folder.assetcatalog; path = Assets.xcassets; sourceTree = "<group>"; };
		2EF8CD7A27FCE95B00960663 /* Base */ = {isa = PBXFileReference; lastKnownFileType = file.storyboard; name = Base; path = Base.lproj/LaunchScreen.storyboard; sourceTree = "<group>"; };
		2EF8CD7C27FCE95B00960663 /* Info.plist */ = {isa = PBXFileReference; lastKnownFileType = text.plist.xml; path = Info.plist; sourceTree = "<group>"; };
		2EF8CD8127FCE95B00960663 /* EventosTests.xctest */ = {isa = PBXFileReference; explicitFileType = wrapper.cfbundle; includeInIndex = 0; path = EventosTests.xctest; sourceTree = BUILT_PRODUCTS_DIR; };
		2EF8CD8B27FCE95B00960663 /* EventosUITests.xctest */ = {isa = PBXFileReference; explicitFileType = wrapper.cfbundle; includeInIndex = 0; path = EventosUITests.xctest; sourceTree = BUILT_PRODUCTS_DIR; };
		2EF8CD8F27FCE95B00960663 /* EventosUITests.swift */ = {isa = PBXFileReference; lastKnownFileType = sourcecode.swift; path = EventosUITests.swift; sourceTree = "<group>"; };
		2EF8CD9127FCE95B00960663 /* EventosUITestsLaunchTests.swift */ = {isa = PBXFileReference; lastKnownFileType = sourcecode.swift; path = EventosUITestsLaunchTests.swift; sourceTree = "<group>"; };
		2EF8CDA727FCF01700960663 /* Event.swift */ = {isa = PBXFileReference; lastKnownFileType = sourcecode.swift; path = Event.swift; sourceTree = "<group>"; };
		2EF8CDA927FCF08500960663 /* User.swift */ = {isa = PBXFileReference; lastKnownFileType = sourcecode.swift; path = User.swift; sourceTree = "<group>"; };
		2EF8CDAD27FCF47100960663 /* RemoteService.swift */ = {isa = PBXFileReference; lastKnownFileType = sourcecode.swift; path = RemoteService.swift; sourceTree = "<group>"; };
		2EF8CDAF27FCF98D00960663 /* Route.swift */ = {isa = PBXFileReference; lastKnownFileType = sourcecode.swift; path = Route.swift; sourceTree = "<group>"; };
		2EF8CDB127FD013200960663 /* ChekIn.swift */ = {isa = PBXFileReference; lastKnownFileType = sourcecode.swift; path = ChekIn.swift; sourceTree = "<group>"; };
		2EF8CDB327FD06A300960663 /* RouteTests.swift */ = {isa = PBXFileReference; lastKnownFileType = sourcecode.swift; name = RouteTests.swift; path = Eventos/Models/RouteTests.swift; sourceTree = SOURCE_ROOT; };
		2EF8CDB527FD0F8000960663 /* NetworkError.swift */ = {isa = PBXFileReference; lastKnownFileType = sourcecode.swift; path = NetworkError.swift; sourceTree = "<group>"; };
		2EF8CDBC27FD169E00960663 /* EventsService.swift */ = {isa = PBXFileReference; lastKnownFileType = sourcecode.swift; path = EventsService.swift; sourceTree = "<group>"; };
		2EF8CDBE27FD1DC000960663 /* EventsServiceTests.swift */ = {isa = PBXFileReference; lastKnownFileType = sourcecode.swift; name = EventsServiceTests.swift; path = Eventos/Networking/EventsServiceTests.swift; sourceTree = SOURCE_ROOT; };
/* End PBXFileReference section */

/* Begin PBXFrameworksBuildPhase section */
		2EF8CD6827FCE95800960663 /* Frameworks */ = {
			isa = PBXFrameworksBuildPhase;
			buildActionMask = 2147483647;
			files = (
				2EF241DC27FDAB160081BDD1 /* RxSwift in Frameworks */,
				2EF241DA27FDAB160081BDD1 /* RxCocoa in Frameworks */,
			);
			runOnlyForDeploymentPostprocessing = 0;
		};
		2EF8CD7E27FCE95B00960663 /* Frameworks */ = {
			isa = PBXFrameworksBuildPhase;
			buildActionMask = 2147483647;
			files = (
			);
			runOnlyForDeploymentPostprocessing = 0;
		};
		2EF8CD8827FCE95B00960663 /* Frameworks */ = {
			isa = PBXFrameworksBuildPhase;
			buildActionMask = 2147483647;
			files = (
			);
			runOnlyForDeploymentPostprocessing = 0;
		};
/* End PBXFrameworksBuildPhase section */

/* Begin PBXGroup section */
		2EF241D627FDA88F0081BDD1 /* EventsList */ = {
			isa = PBXGroup;
			children = (
				2EF8CD7227FCE95800960663 /* EventsListViewController.swift */,
				2EF241D427FDA8830081BDD1 /* EventsListViewModel.swift */,
			);
			path = EventsList;
			sourceTree = "<group>";
		};
		2EF8CD6227FCE95800960663 = {
			isa = PBXGroup;
			children = (
				2EF8CD6D27FCE95800960663 /* Eventos */,
				2EF8CD8427FCE95B00960663 /* EventosTests */,
				2EF8CD8E27FCE95B00960663 /* EventosUITests */,
				2EF8CD6C27FCE95800960663 /* Products */,
			);
			sourceTree = "<group>";
		};
		2EF8CD6C27FCE95800960663 /* Products */ = {
			isa = PBXGroup;
			children = (
				2EF8CD6B27FCE95800960663 /* Eventos.app */,
				2EF8CD8127FCE95B00960663 /* EventosTests.xctest */,
				2EF8CD8B27FCE95B00960663 /* EventosUITests.xctest */,
			);
			name = Products;
			sourceTree = "<group>";
		};
		2EF8CD6D27FCE95800960663 /* Eventos */ = {
			isa = PBXGroup;
			children = (
				2EF8CDA527FCEFA700960663 /* Main */,
				2EF8CDA327FCEF0E00960663 /* SupportFiles */,
				2EF8CDA427FCEF6C00960663 /* Networking */,
				2EF8CD9E27FCEE5000960663 /* Models */,
				2EF8CDA127FCEEC100960663 /* UI */,
			);
			path = Eventos;
			sourceTree = "<group>";
		};
		2EF8CD8427FCE95B00960663 /* EventosTests */ = {
			isa = PBXGroup;
			children = (
				2EF8CDB327FD06A300960663 /* RouteTests.swift */,
				2EF8CDBE27FD1DC000960663 /* EventsServiceTests.swift */,
				2EF241DD27FDB58D0081BDD1 /* EventsListViewModelTests.swift */,
			);
			path = EventosTests;
			sourceTree = "<group>";
		};
		2EF8CD8E27FCE95B00960663 /* EventosUITests */ = {
			isa = PBXGroup;
			children = (
				2EF8CD8F27FCE95B00960663 /* EventosUITests.swift */,
				2EF8CD9127FCE95B00960663 /* EventosUITestsLaunchTests.swift */,
			);
			path = EventosUITests;
			sourceTree = "<group>";
		};
		2EF8CD9E27FCEE5000960663 /* Models */ = {
			isa = PBXGroup;
			children = (
				2EF8CDA727FCF01700960663 /* Event.swift */,
				2EF8CDA927FCF08500960663 /* User.swift */,
				2EF8CDB127FD013200960663 /* ChekIn.swift */,
			);
			path = Models;
			sourceTree = "<group>";
		};
		2EF8CD9F27FCEE5900960663 /* Scenes */ = {
			isa = PBXGroup;
			children = (
				2EF241D627FDA88F0081BDD1 /* EventsList */,
			);
			path = Scenes;
			sourceTree = "<group>";
		};
		2EF8CDA127FCEEC100960663 /* UI */ = {
			isa = PBXGroup;
			children = (
				2EF8CD9F27FCEE5900960663 /* Scenes */,
			);
			path = UI;
			sourceTree = "<group>";
		};
		2EF8CDA327FCEF0E00960663 /* SupportFiles */ = {
			isa = PBXGroup;
			children = (
				2EF8CD7C27FCE95B00960663 /* Info.plist */,
				2EF8CD7927FCE95B00960663 /* LaunchScreen.storyboard */,
				2EF8CD7727FCE95B00960663 /* Assets.xcassets */,
			);
			name = SupportFiles;
			sourceTree = "<group>";
		};
		2EF8CDA427FCEF6C00960663 /* Networking */ = {
			isa = PBXGroup;
			children = (
				2EF8CDAF27FCF98D00960663 /* Route.swift */,
				2EF8CDBC27FD169E00960663 /* EventsService.swift */,
				2EF8CDAD27FCF47100960663 /* RemoteService.swift */,
				2EF8CDB527FD0F8000960663 /* NetworkError.swift */,
			);
			path = Networking;
			sourceTree = "<group>";
		};
		2EF8CDA527FCEFA700960663 /* Main */ = {
			isa = PBXGroup;
			children = (
				2EF8CD6E27FCE95800960663 /* AppDelegate.swift */,
			);
			path = Main;
			sourceTree = "<group>";
		};
/* End PBXGroup section */

/* Begin PBXNativeTarget section */
		2EF8CD6A27FCE95800960663 /* Eventos */ = {
			isa = PBXNativeTarget;
			buildConfigurationList = 2EF8CD9527FCE95B00960663 /* Build configuration list for PBXNativeTarget "Eventos" */;
			buildPhases = (
				2EF8CD6727FCE95800960663 /* Sources */,
				2EF8CD6827FCE95800960663 /* Frameworks */,
				2EF8CD6927FCE95800960663 /* Resources */,
				2EF8CDAC27FCF30E00960663 /* SwiftLint Stricpt */,
			);
			buildRules = (
			);
			dependencies = (
			);
			name = Eventos;
			packageProductDependencies = (
				2EF241D927FDAB160081BDD1 /* RxCocoa */,
				2EF241DB27FDAB160081BDD1 /* RxSwift */,
			);
			productName = Eventos;
			productReference = 2EF8CD6B27FCE95800960663 /* Eventos.app */;
			productType = "com.apple.product-type.application";
		};
		2EF8CD8027FCE95B00960663 /* EventosTests */ = {
			isa = PBXNativeTarget;
			buildConfigurationList = 2EF8CD9827FCE95B00960663 /* Build configuration list for PBXNativeTarget "EventosTests" */;
			buildPhases = (
				2EF8CD7D27FCE95B00960663 /* Sources */,
				2EF8CD7E27FCE95B00960663 /* Frameworks */,
				2EF8CD7F27FCE95B00960663 /* Resources */,
			);
			buildRules = (
			);
			dependencies = (
				2EF8CD8327FCE95B00960663 /* PBXTargetDependency */,
			);
			name = EventosTests;
			productName = EventosTests;
			productReference = 2EF8CD8127FCE95B00960663 /* EventosTests.xctest */;
			productType = "com.apple.product-type.bundle.unit-test";
		};
		2EF8CD8A27FCE95B00960663 /* EventosUITests */ = {
			isa = PBXNativeTarget;
			buildConfigurationList = 2EF8CD9B27FCE95B00960663 /* Build configuration list for PBXNativeTarget "EventosUITests" */;
			buildPhases = (
				2EF8CD8727FCE95B00960663 /* Sources */,
				2EF8CD8827FCE95B00960663 /* Frameworks */,
				2EF8CD8927FCE95B00960663 /* Resources */,
			);
			buildRules = (
			);
			dependencies = (
				2EF8CD8D27FCE95B00960663 /* PBXTargetDependency */,
			);
			name = EventosUITests;
			productName = EventosUITests;
			productReference = 2EF8CD8B27FCE95B00960663 /* EventosUITests.xctest */;
			productType = "com.apple.product-type.bundle.ui-testing";
		};
/* End PBXNativeTarget section */

/* Begin PBXProject section */
		2EF8CD6327FCE95800960663 /* Project object */ = {
			isa = PBXProject;
			attributes = {
				BuildIndependentTargetsInParallel = 1;
				LastSwiftUpdateCheck = 1330;
				LastUpgradeCheck = 1330;
				TargetAttributes = {
					2EF8CD6A27FCE95800960663 = {
						CreatedOnToolsVersion = 13.3;
					};
					2EF8CD8027FCE95B00960663 = {
						CreatedOnToolsVersion = 13.3;
						LastSwiftMigration = 1330;
						TestTargetID = 2EF8CD6A27FCE95800960663;
					};
					2EF8CD8A27FCE95B00960663 = {
						CreatedOnToolsVersion = 13.3;
						TestTargetID = 2EF8CD6A27FCE95800960663;
					};
				};
			};
			buildConfigurationList = 2EF8CD6627FCE95800960663 /* Build configuration list for PBXProject "Eventos" */;
			compatibilityVersion = "Xcode 13.0";
			developmentRegion = en;
			hasScannedForEncodings = 0;
			knownRegions = (
				en,
				Base,
			);
			mainGroup = 2EF8CD6227FCE95800960663;
			packageReferences = (
				2EF241D827FDAB160081BDD1 /* XCRemoteSwiftPackageReference "RxSwift" */,
			);
			productRefGroup = 2EF8CD6C27FCE95800960663 /* Products */;
			projectDirPath = "";
			projectRoot = "";
			targets = (
				2EF8CD6A27FCE95800960663 /* Eventos */,
				2EF8CD8027FCE95B00960663 /* EventosTests */,
				2EF8CD8A27FCE95B00960663 /* EventosUITests */,
			);
		};
/* End PBXProject section */

/* Begin PBXResourcesBuildPhase section */
		2EF8CD6927FCE95800960663 /* Resources */ = {
			isa = PBXResourcesBuildPhase;
			buildActionMask = 2147483647;
			files = (
				2EF8CD7B27FCE95B00960663 /* LaunchScreen.storyboard in Resources */,
				2EF8CD7827FCE95B00960663 /* Assets.xcassets in Resources */,
			);
			runOnlyForDeploymentPostprocessing = 0;
		};
		2EF8CD7F27FCE95B00960663 /* Resources */ = {
			isa = PBXResourcesBuildPhase;
			buildActionMask = 2147483647;
			files = (
			);
			runOnlyForDeploymentPostprocessing = 0;
		};
		2EF8CD8927FCE95B00960663 /* Resources */ = {
			isa = PBXResourcesBuildPhase;
			buildActionMask = 2147483647;
			files = (
			);
			runOnlyForDeploymentPostprocessing = 0;
		};
/* End PBXResourcesBuildPhase section */

/* Begin PBXShellScriptBuildPhase section */
		2EF8CDAC27FCF30E00960663 /* SwiftLint Stricpt */ = {
			isa = PBXShellScriptBuildPhase;
			buildActionMask = 2147483647;
			files = (
			);
			inputFileListPaths = (
			);
			inputPaths = (
			);
			name = "SwiftLint Stricpt";
			outputFileListPaths = (
			);
			outputPaths = (
			);
			runOnlyForDeploymentPostprocessing = 0;
			shellPath = /bin/sh;
			shellScript = "export PATH=\"$PATH:/opt/homebrew/bin\"\nif which swiftlint > /dev/null; then\n  swiftlint\nelse\n  echo \"warning: SwiftLint not installed, download from https://github.com/realm/SwiftLint\"\nfi\n";
		};
/* End PBXShellScriptBuildPhase section */

/* Begin PBXSourcesBuildPhase section */
		2EF8CD6727FCE95800960663 /* Sources */ = {
			isa = PBXSourcesBuildPhase;
			buildActionMask = 2147483647;
			files = (
				2EF8CDAA27FCF08500960663 /* User.swift in Sources */,
				2EF8CDB627FD0F8000960663 /* NetworkError.swift in Sources */,
				2EF8CDAE27FCF47100960663 /* RemoteService.swift in Sources */,
				2EF8CDB227FD013200960663 /* ChekIn.swift in Sources */,
				2EF8CDBD27FD169E00960663 /* EventsService.swift in Sources */,
				2EF8CD7327FCE95800960663 /* EventsListViewController.swift in Sources */,
				2EF8CDB027FCF98D00960663 /* Route.swift in Sources */,
				2EF8CDA827FCF01700960663 /* Event.swift in Sources */,
				2EF8CD6F27FCE95800960663 /* AppDelegate.swift in Sources */,
				2EF241D527FDA8830081BDD1 /* EventsListViewModel.swift in Sources */,
			);
			runOnlyForDeploymentPostprocessing = 0;
		};
		2EF8CD7D27FCE95B00960663 /* Sources */ = {
			isa = PBXSourcesBuildPhase;
			buildActionMask = 2147483647;
			files = (
				2EF8CDBF27FD1DC000960663 /* EventsServiceTests.swift in Sources */,
				2EF241DE27FDB58D0081BDD1 /* EventsListViewModelTests.swift in Sources */,
				2EF8CDB427FD06A300960663 /* RouteTests.swift in Sources */,
			);
			runOnlyForDeploymentPostprocessing = 0;
		};
		2EF8CD8727FCE95B00960663 /* Sources */ = {
			isa = PBXSourcesBuildPhase;
			buildActionMask = 2147483647;
			files = (
				2EF8CD9027FCE95B00960663 /* EventosUITests.swift in Sources */,
				2EF8CD9227FCE95B00960663 /* EventosUITestsLaunchTests.swift in Sources */,
			);
			runOnlyForDeploymentPostprocessing = 0;
		};
/* End PBXSourcesBuildPhase section */

/* Begin PBXTargetDependency section */
		2EF8CD8327FCE95B00960663 /* PBXTargetDependency */ = {
			isa = PBXTargetDependency;
			target = 2EF8CD6A27FCE95800960663 /* Eventos */;
			targetProxy = 2EF8CD8227FCE95B00960663 /* PBXContainerItemProxy */;
		};
		2EF8CD8D27FCE95B00960663 /* PBXTargetDependency */ = {
			isa = PBXTargetDependency;
			target = 2EF8CD6A27FCE95800960663 /* Eventos */;
			targetProxy = 2EF8CD8C27FCE95B00960663 /* PBXContainerItemProxy */;
		};
/* End PBXTargetDependency section */

/* Begin PBXVariantGroup section */
		2EF8CD7927FCE95B00960663 /* LaunchScreen.storyboard */ = {
			isa = PBXVariantGroup;
			children = (
				2EF8CD7A27FCE95B00960663 /* Base */,
			);
			name = LaunchScreen.storyboard;
			sourceTree = "<group>";
		};
/* End PBXVariantGroup section */

/* Begin XCBuildConfiguration section */
		2EF8CD9327FCE95B00960663 /* Debug */ = {
			isa = XCBuildConfiguration;
			buildSettings = {
				ALWAYS_SEARCH_USER_PATHS = NO;
				CLANG_ANALYZER_NONNULL = YES;
				CLANG_ANALYZER_NUMBER_OBJECT_CONVERSION = YES_AGGRESSIVE;
				CLANG_CXX_LANGUAGE_STANDARD = "gnu++17";
				CLANG_ENABLE_MODULES = YES;
				CLANG_ENABLE_OBJC_ARC = YES;
				CLANG_ENABLE_OBJC_WEAK = YES;
				CLANG_WARN_BLOCK_CAPTURE_AUTORELEASING = YES;
				CLANG_WARN_BOOL_CONVERSION = YES;
				CLANG_WARN_COMMA = YES;
				CLANG_WARN_CONSTANT_CONVERSION = YES;
				CLANG_WARN_DEPRECATED_OBJC_IMPLEMENTATIONS = YES;
				CLANG_WARN_DIRECT_OBJC_ISA_USAGE = YES_ERROR;
				CLANG_WARN_DOCUMENTATION_COMMENTS = YES;
				CLANG_WARN_EMPTY_BODY = YES;
				CLANG_WARN_ENUM_CONVERSION = YES;
				CLANG_WARN_INFINITE_RECURSION = YES;
				CLANG_WARN_INT_CONVERSION = YES;
				CLANG_WARN_NON_LITERAL_NULL_CONVERSION = YES;
				CLANG_WARN_OBJC_IMPLICIT_RETAIN_SELF = YES;
				CLANG_WARN_OBJC_LITERAL_CONVERSION = YES;
				CLANG_WARN_OBJC_ROOT_CLASS = YES_ERROR;
				CLANG_WARN_QUOTED_INCLUDE_IN_FRAMEWORK_HEADER = YES;
				CLANG_WARN_RANGE_LOOP_ANALYSIS = YES;
				CLANG_WARN_STRICT_PROTOTYPES = YES;
				CLANG_WARN_SUSPICIOUS_MOVE = YES;
				CLANG_WARN_UNGUARDED_AVAILABILITY = YES_AGGRESSIVE;
				CLANG_WARN_UNREACHABLE_CODE = YES;
				CLANG_WARN__DUPLICATE_METHOD_MATCH = YES;
				COPY_PHASE_STRIP = NO;
				DEBUG_INFORMATION_FORMAT = dwarf;
				ENABLE_STRICT_OBJC_MSGSEND = YES;
				ENABLE_TESTABILITY = YES;
				GCC_C_LANGUAGE_STANDARD = gnu11;
				GCC_DYNAMIC_NO_PIC = NO;
				GCC_NO_COMMON_BLOCKS = YES;
				GCC_OPTIMIZATION_LEVEL = 0;
				GCC_PREPROCESSOR_DEFINITIONS = (
					"DEBUG=1",
					"$(inherited)",
				);
				GCC_WARN_64_TO_32_BIT_CONVERSION = YES;
				GCC_WARN_ABOUT_RETURN_TYPE = YES_ERROR;
				GCC_WARN_UNDECLARED_SELECTOR = YES;
				GCC_WARN_UNINITIALIZED_AUTOS = YES_AGGRESSIVE;
				GCC_WARN_UNUSED_FUNCTION = YES;
				GCC_WARN_UNUSED_VARIABLE = YES;
				IPHONEOS_DEPLOYMENT_TARGET = 15.4;
				MTL_ENABLE_DEBUG_INFO = INCLUDE_SOURCE;
				MTL_FAST_MATH = YES;
				ONLY_ACTIVE_ARCH = YES;
				SDKROOT = iphoneos;
				SWIFT_ACTIVE_COMPILATION_CONDITIONS = DEBUG;
				SWIFT_OPTIMIZATION_LEVEL = "-Onone";
			};
			name = Debug;
		};
		2EF8CD9427FCE95B00960663 /* Release */ = {
			isa = XCBuildConfiguration;
			buildSettings = {
				ALWAYS_SEARCH_USER_PATHS = NO;
				CLANG_ANALYZER_NONNULL = YES;
				CLANG_ANALYZER_NUMBER_OBJECT_CONVERSION = YES_AGGRESSIVE;
				CLANG_CXX_LANGUAGE_STANDARD = "gnu++17";
				CLANG_ENABLE_MODULES = YES;
				CLANG_ENABLE_OBJC_ARC = YES;
				CLANG_ENABLE_OBJC_WEAK = YES;
				CLANG_WARN_BLOCK_CAPTURE_AUTORELEASING = YES;
				CLANG_WARN_BOOL_CONVERSION = YES;
				CLANG_WARN_COMMA = YES;
				CLANG_WARN_CONSTANT_CONVERSION = YES;
				CLANG_WARN_DEPRECATED_OBJC_IMPLEMENTATIONS = YES;
				CLANG_WARN_DIRECT_OBJC_ISA_USAGE = YES_ERROR;
				CLANG_WARN_DOCUMENTATION_COMMENTS = YES;
				CLANG_WARN_EMPTY_BODY = YES;
				CLANG_WARN_ENUM_CONVERSION = YES;
				CLANG_WARN_INFINITE_RECURSION = YES;
				CLANG_WARN_INT_CONVERSION = YES;
				CLANG_WARN_NON_LITERAL_NULL_CONVERSION = YES;
				CLANG_WARN_OBJC_IMPLICIT_RETAIN_SELF = YES;
				CLANG_WARN_OBJC_LITERAL_CONVERSION = YES;
				CLANG_WARN_OBJC_ROOT_CLASS = YES_ERROR;
				CLANG_WARN_QUOTED_INCLUDE_IN_FRAMEWORK_HEADER = YES;
				CLANG_WARN_RANGE_LOOP_ANALYSIS = YES;
				CLANG_WARN_STRICT_PROTOTYPES = YES;
				CLANG_WARN_SUSPICIOUS_MOVE = YES;
				CLANG_WARN_UNGUARDED_AVAILABILITY = YES_AGGRESSIVE;
				CLANG_WARN_UNREACHABLE_CODE = YES;
				CLANG_WARN__DUPLICATE_METHOD_MATCH = YES;
				COPY_PHASE_STRIP = NO;
				DEBUG_INFORMATION_FORMAT = "dwarf-with-dsym";
				ENABLE_NS_ASSERTIONS = NO;
				ENABLE_STRICT_OBJC_MSGSEND = YES;
				GCC_C_LANGUAGE_STANDARD = gnu11;
				GCC_NO_COMMON_BLOCKS = YES;
				GCC_WARN_64_TO_32_BIT_CONVERSION = YES;
				GCC_WARN_ABOUT_RETURN_TYPE = YES_ERROR;
				GCC_WARN_UNDECLARED_SELECTOR = YES;
				GCC_WARN_UNINITIALIZED_AUTOS = YES_AGGRESSIVE;
				GCC_WARN_UNUSED_FUNCTION = YES;
				GCC_WARN_UNUSED_VARIABLE = YES;
				IPHONEOS_DEPLOYMENT_TARGET = 15.4;
				MTL_ENABLE_DEBUG_INFO = NO;
				MTL_FAST_MATH = YES;
				SDKROOT = iphoneos;
				SWIFT_COMPILATION_MODE = wholemodule;
				SWIFT_OPTIMIZATION_LEVEL = "-O";
				VALIDATE_PRODUCT = YES;
			};
			name = Release;
		};
		2EF8CD9627FCE95B00960663 /* Debug */ = {
			isa = XCBuildConfiguration;
			buildSettings = {
				ASSETCATALOG_COMPILER_APPICON_NAME = AppIcon;
				ASSETCATALOG_COMPILER_GLOBAL_ACCENT_COLOR_NAME = AccentColor;
				CODE_SIGN_STYLE = Automatic;
				CURRENT_PROJECT_VERSION = 1;
				DEVELOPMENT_TEAM = A9976965C3;
				GENERATE_INFOPLIST_FILE = YES;
				INFOPLIST_FILE = Eventos/Info.plist;
				INFOPLIST_KEY_UIApplicationSupportsIndirectInputEvents = YES;
				INFOPLIST_KEY_UILaunchStoryboardName = LaunchScreen;
				INFOPLIST_KEY_UISupportedInterfaceOrientations_iPad = "UIInterfaceOrientationPortrait UIInterfaceOrientationPortraitUpsideDown UIInterfaceOrientationLandscapeLeft UIInterfaceOrientationLandscapeRight";
				INFOPLIST_KEY_UISupportedInterfaceOrientations_iPhone = "UIInterfaceOrientationPortrait UIInterfaceOrientationLandscapeLeft UIInterfaceOrientationLandscapeRight";
				LD_RUNPATH_SEARCH_PATHS = (
					"$(inherited)",
					"@executable_path/Frameworks",
				);
				MARKETING_VERSION = 1.0;
				PRODUCT_BUNDLE_IDENTIFIER = com.andre.almeida.Eventos;
				PRODUCT_NAME = "$(TARGET_NAME)";
				SWIFT_EMIT_LOC_STRINGS = YES;
				SWIFT_VERSION = 5.0;
				TARGETED_DEVICE_FAMILY = "1,2";
			};
			name = Debug;
		};
		2EF8CD9727FCE95B00960663 /* Release */ = {
			isa = XCBuildConfiguration;
			buildSettings = {
				ASSETCATALOG_COMPILER_APPICON_NAME = AppIcon;
				ASSETCATALOG_COMPILER_GLOBAL_ACCENT_COLOR_NAME = AccentColor;
				CODE_SIGN_STYLE = Automatic;
				CURRENT_PROJECT_VERSION = 1;
				DEVELOPMENT_TEAM = A9976965C3;
				GENERATE_INFOPLIST_FILE = YES;
				INFOPLIST_FILE = Eventos/Info.plist;
				INFOPLIST_KEY_UIApplicationSupportsIndirectInputEvents = YES;
				INFOPLIST_KEY_UILaunchStoryboardName = LaunchScreen;
				INFOPLIST_KEY_UISupportedInterfaceOrientations_iPad = "UIInterfaceOrientationPortrait UIInterfaceOrientationPortraitUpsideDown UIInterfaceOrientationLandscapeLeft UIInterfaceOrientationLandscapeRight";
				INFOPLIST_KEY_UISupportedInterfaceOrientations_iPhone = "UIInterfaceOrientationPortrait UIInterfaceOrientationLandscapeLeft UIInterfaceOrientationLandscapeRight";
				LD_RUNPATH_SEARCH_PATHS = (
					"$(inherited)",
					"@executable_path/Frameworks",
				);
				MARKETING_VERSION = 1.0;
				PRODUCT_BUNDLE_IDENTIFIER = com.andre.almeida.Eventos;
				PRODUCT_NAME = "$(TARGET_NAME)";
				SWIFT_EMIT_LOC_STRINGS = YES;
				SWIFT_VERSION = 5.0;
				TARGETED_DEVICE_FAMILY = "1,2";
			};
			name = Release;
		};
		2EF8CD9927FCE95B00960663 /* Debug */ = {
			isa = XCBuildConfiguration;
			buildSettings = {
				ALWAYS_EMBED_SWIFT_STANDARD_LIBRARIES = YES;
				BUNDLE_LOADER = "$(TEST_HOST)";
				CLANG_ENABLE_MODULES = YES;
				CODE_SIGN_STYLE = Automatic;
				CURRENT_PROJECT_VERSION = 1;
				DEVELOPMENT_TEAM = A9976965C3;
				GENERATE_INFOPLIST_FILE = YES;
				IPHONEOS_DEPLOYMENT_TARGET = 15.4;
				LD_RUNPATH_SEARCH_PATHS = (
					"$(inherited)",
					"@executable_path/Frameworks",
					"@loader_path/Frameworks",
				);
				MARKETING_VERSION = 1.0;
				PRODUCT_BUNDLE_IDENTIFIER = com.andre.almeida.EventosTests;
				PRODUCT_NAME = "$(TARGET_NAME)";
				SWIFT_EMIT_LOC_STRINGS = NO;
				SWIFT_OPTIMIZATION_LEVEL = "-Onone";
				SWIFT_VERSION = 5.0;
				TARGETED_DEVICE_FAMILY = "1,2";
				TEST_HOST = "$(BUILT_PRODUCTS_DIR)/Eventos.app/Eventos";
			};
			name = Debug;
		};
		2EF8CD9A27FCE95B00960663 /* Release */ = {
			isa = XCBuildConfiguration;
			buildSettings = {
				ALWAYS_EMBED_SWIFT_STANDARD_LIBRARIES = YES;
				BUNDLE_LOADER = "$(TEST_HOST)";
				CLANG_ENABLE_MODULES = YES;
				CODE_SIGN_STYLE = Automatic;
				CURRENT_PROJECT_VERSION = 1;
				DEVELOPMENT_TEAM = A9976965C3;
				GENERATE_INFOPLIST_FILE = YES;
				IPHONEOS_DEPLOYMENT_TARGET = 15.4;
				LD_RUNPATH_SEARCH_PATHS = (
					"$(inherited)",
					"@executable_path/Frameworks",
					"@loader_path/Frameworks",
				);
				MARKETING_VERSION = 1.0;
				PRODUCT_BUNDLE_IDENTIFIER = com.andre.almeida.EventosTests;
				PRODUCT_NAME = "$(TARGET_NAME)";
				SWIFT_EMIT_LOC_STRINGS = NO;
				SWIFT_VERSION = 5.0;
				TARGETED_DEVICE_FAMILY = "1,2";
				TEST_HOST = "$(BUILT_PRODUCTS_DIR)/Eventos.app/Eventos";
			};
			name = Release;
		};
		2EF8CD9C27FCE95B00960663 /* Debug */ = {
			isa = XCBuildConfiguration;
			buildSettings = {
				ALWAYS_EMBED_SWIFT_STANDARD_LIBRARIES = YES;
				CODE_SIGN_STYLE = Automatic;
				CURRENT_PROJECT_VERSION = 1;
				DEVELOPMENT_TEAM = A9976965C3;
				GENERATE_INFOPLIST_FILE = YES;
				MARKETING_VERSION = 1.0;
				PRODUCT_BUNDLE_IDENTIFIER = com.andre.almeida.EventosUITests;
				PRODUCT_NAME = "$(TARGET_NAME)";
				SWIFT_EMIT_LOC_STRINGS = NO;
				SWIFT_VERSION = 5.0;
				TARGETED_DEVICE_FAMILY = "1,2";
				TEST_TARGET_NAME = Eventos;
			};
			name = Debug;
		};
		2EF8CD9D27FCE95B00960663 /* Release */ = {
			isa = XCBuildConfiguration;
			buildSettings = {
				ALWAYS_EMBED_SWIFT_STANDARD_LIBRARIES = YES;
				CODE_SIGN_STYLE = Automatic;
				CURRENT_PROJECT_VERSION = 1;
				DEVELOPMENT_TEAM = A9976965C3;
				GENERATE_INFOPLIST_FILE = YES;
				MARKETING_VERSION = 1.0;
				PRODUCT_BUNDLE_IDENTIFIER = com.andre.almeida.EventosUITests;
				PRODUCT_NAME = "$(TARGET_NAME)";
				SWIFT_EMIT_LOC_STRINGS = NO;
				SWIFT_VERSION = 5.0;
				TARGETED_DEVICE_FAMILY = "1,2";
				TEST_TARGET_NAME = Eventos;
			};
			name = Release;
		};
/* End XCBuildConfiguration section */

/* Begin XCConfigurationList section */
		2EF8CD6627FCE95800960663 /* Build configuration list for PBXProject "Eventos" */ = {
			isa = XCConfigurationList;
			buildConfigurations = (
				2EF8CD9327FCE95B00960663 /* Debug */,
				2EF8CD9427FCE95B00960663 /* Release */,
			);
			defaultConfigurationIsVisible = 0;
			defaultConfigurationName = Release;
		};
		2EF8CD9527FCE95B00960663 /* Build configuration list for PBXNativeTarget "Eventos" */ = {
			isa = XCConfigurationList;
			buildConfigurations = (
				2EF8CD9627FCE95B00960663 /* Debug */,
				2EF8CD9727FCE95B00960663 /* Release */,
			);
			defaultConfigurationIsVisible = 0;
			defaultConfigurationName = Release;
		};
		2EF8CD9827FCE95B00960663 /* Build configuration list for PBXNativeTarget "EventosTests" */ = {
			isa = XCConfigurationList;
			buildConfigurations = (
				2EF8CD9927FCE95B00960663 /* Debug */,
				2EF8CD9A27FCE95B00960663 /* Release */,
			);
			defaultConfigurationIsVisible = 0;
			defaultConfigurationName = Release;
		};
		2EF8CD9B27FCE95B00960663 /* Build configuration list for PBXNativeTarget "EventosUITests" */ = {
			isa = XCConfigurationList;
			buildConfigurations = (
				2EF8CD9C27FCE95B00960663 /* Debug */,
				2EF8CD9D27FCE95B00960663 /* Release */,
			);
			defaultConfigurationIsVisible = 0;
			defaultConfigurationName = Release;
		};
/* End XCConfigurationList section */

/* Begin XCRemoteSwiftPackageReference section */
		2EF241D827FDAB160081BDD1 /* XCRemoteSwiftPackageReference "RxSwift" */ = {
			isa = XCRemoteSwiftPackageReference;
			repositoryURL = "https://github.com/ReactiveX/RxSwift.git";
			requirement = {
				branch = main;
				kind = branch;
			};
		};
/* End XCRemoteSwiftPackageReference section */

/* Begin XCSwiftPackageProductDependency section */
		2EF241D927FDAB160081BDD1 /* RxCocoa */ = {
			isa = XCSwiftPackageProductDependency;
			package = 2EF241D827FDAB160081BDD1 /* XCRemoteSwiftPackageReference "RxSwift" */;
			productName = RxCocoa;
		};
		2EF241DB27FDAB160081BDD1 /* RxSwift */ = {
			isa = XCSwiftPackageProductDependency;
			package = 2EF241D827FDAB160081BDD1 /* XCRemoteSwiftPackageReference "RxSwift" */;
			productName = RxSwift;
		};
/* End XCSwiftPackageProductDependency section */
	};
	rootObject = 2EF8CD6327FCE95800960663 /* Project object */;
}
